
Microsoft Visual Studio Solution File, Format Version 12.00
# Visual Studio 2015
Project("{FAE04EC0-301F-11D3-BF4B-00C04F79EFBC}") = "I'm hero my friends villain.CSharp", "I'm hero my friends villain.CSharp.csproj", "{498ABC76-E7A8-8A0F-ECDF-A56A92AA6E97}"
EndProject
Global
	GlobalSection(SolutionConfigurationPlatforms) = preSolution
		Debug|Any CPU = Debug|Any CPU
		Release|Any CPU = Release|Any CPU
	EndGlobalSection
	GlobalSection(ProjectConfigurationPlatforms) = postSolution
		{498ABC76-E7A8-8A0F-ECDF-A56A92AA6E97}.Debug|Any CPU.ActiveCfg = Debug|Any CPU
		{498ABC76-E7A8-8A0F-ECDF-A56A92AA6E97}.Debug|Any CPU.Build.0 = Debug|Any CPU
		{498ABC76-E7A8-8A0F-ECDF-A56A92AA6E97}.Release|Any CPU.ActiveCfg = Release|Any CPU
		{498ABC76-E7A8-8A0F-ECDF-A56A92AA6E97}.Release|Any CPU.Build.0 = Release|Any CPU
	EndGlobalSection
	GlobalSection(SolutionProperties) = preSolution
		HideSolutionNode = FALSE
	EndGlobalSection
EndGlobal
